// !$*UTF8*$!
{
	archiveVersion = 1;
	classes = {
	};
	objectVersion = 56;
	objects = {

/* Begin PBXBuildFile section */
		5105E73F28EAE24900165EB8 /* FirebaseAuth in Frameworks */ = {isa = PBXBuildFile; productRef = 5105E73E28EAE24900165EB8 /* FirebaseAuth */; };
		5105E74128EAE24900165EB8 /* FirebaseFirestore in Frameworks */ = {isa = PBXBuildFile; productRef = 5105E74028EAE24900165EB8 /* FirebaseFirestore */; };
		5105E74328EB01D700165EB8 /* Home.swift in Sources */ = {isa = PBXBuildFile; fileRef = 5105E74228EB01D700165EB8 /* Home.swift */; };
		5196052E28E5B127004F5AAF /* dadaApp.swift in Sources */ = {isa = PBXBuildFile; fileRef = 5196052D28E5B127004F5AAF /* dadaApp.swift */; };
		5196053028E5B127004F5AAF /* ContentView.swift in Sources */ = {isa = PBXBuildFile; fileRef = 5196052F28E5B127004F5AAF /* ContentView.swift */; };
		5196053228E5B129004F5AAF /* Assets.xcassets in Resources */ = {isa = PBXBuildFile; fileRef = 5196053128E5B129004F5AAF /* Assets.xcassets */; };
		5196053528E5B129004F5AAF /* Preview Assets.xcassets in Resources */ = {isa = PBXBuildFile; fileRef = 5196053428E5B129004F5AAF /* Preview Assets.xcassets */; };
		5196053C28E5C9BE004F5AAF /* singUp.swift in Sources */ = {isa = PBXBuildFile; fileRef = 5196053B28E5C9BD004F5AAF /* singUp.swift */; };
		51F633C628E9B1380089E10F /* mailChecker.swift in Sources */ = {isa = PBXBuildFile; fileRef = 51F633C528E9B1380089E10F /* mailChecker.swift */; };
		51F633C828EADFF90089E10F /* GoogleService-Info.plist in Resources */ = {isa = PBXBuildFile; fileRef = 51F633C728EADFF90089E10F /* GoogleService-Info.plist */; };
/* End PBXBuildFile section */

/* Begin PBXFileReference section */
		5105E74228EB01D700165EB8 /* Home.swift */ = {isa = PBXFileReference; lastKnownFileType = sourcecode.swift; path = Home.swift; sourceTree = "<group>"; };
		5196052A28E5B127004F5AAF /* dada.app */ = {isa = PBXFileReference; explicitFileType = wrapper.application; includeInIndex = 0; path = dada.app; sourceTree = BUILT_PRODUCTS_DIR; };
		5196052D28E5B127004F5AAF /* dadaApp.swift */ = {isa = PBXFileReference; lastKnownFileType = sourcecode.swift; path = dadaApp.swift; sourceTree = "<group>"; };
		5196052F28E5B127004F5AAF /* ContentView.swift */ = {isa = PBXFileReference; lastKnownFileType = sourcecode.swift; path = ContentView.swift; sourceTree = "<group>"; };
		5196053128E5B129004F5AAF /* Assets.xcassets */ = {isa = PBXFileReference; lastKnownFileType = folder.assetcatalog; path = Assets.xcassets; sourceTree = "<group>"; };
		5196053428E5B129004F5AAF /* Preview Assets.xcassets */ = {isa = PBXFileReference; lastKnownFileType = folder.assetcatalog; path = "Preview Assets.xcassets"; sourceTree = "<group>"; };
		5196053B28E5C9BD004F5AAF /* singUp.swift */ = {isa = PBXFileReference; lastKnownFileType = sourcecode.swift; path = singUp.swift; sourceTree = "<group>"; };
		51F633C528E9B1380089E10F /* mailChecker.swift */ = {isa = PBXFileReference; lastKnownFileType = sourcecode.swift; path = mailChecker.swift; sourceTree = "<group>"; };
		51F633C728EADFF90089E10F /* GoogleService-Info.plist */ = {isa = PBXFileReference; fileEncoding = 4; lastKnownFileType = text.plist.xml; path = "GoogleService-Info.plist"; sourceTree = "<group>"; };
/* End PBXFileReference section */

/* Begin PBXFrameworksBuildPhase section */
		5196052728E5B127004F5AAF /* Frameworks */ = {
			isa = PBXFrameworksBuildPhase;
			buildActionMask = 2147483647;
			files = (
				5105E73F28EAE24900165EB8 /* FirebaseAuth in Frameworks */,
				5105E74128EAE24900165EB8 /* FirebaseFirestore in Frameworks */,
			);
			runOnlyForDeploymentPostprocessing = 0;
		};
/* End PBXFrameworksBuildPhase section */

/* Begin PBXGroup section */
		5196052128E5B127004F5AAF = {
			isa = PBXGroup;
			children = (
				5196052C28E5B127004F5AAF /* dada */,
				5196052B28E5B127004F5AAF /* Products */,
			);
			sourceTree = "<group>";
		};
		5196052B28E5B127004F5AAF /* Products */ = {
			isa = PBXGroup;
			children = (
				5196052A28E5B127004F5AAF /* dada.app */,
			);
			name = Products;
			sourceTree = "<group>";
		};
		5196052C28E5B127004F5AAF /* dada */ = {
			isa = PBXGroup;
			children = (
				5196052D28E5B127004F5AAF /* dadaApp.swift */,
				5196052F28E5B127004F5AAF /* ContentView.swift */,
				5196053B28E5C9BD004F5AAF /* singUp.swift */,
				5105E74228EB01D700165EB8 /* Home.swift */,
				51F633C428E9B11E0089E10F /* Helpers */,
				5196053128E5B129004F5AAF /* Assets.xcassets */,
				51F633C728EADFF90089E10F /* GoogleService-Info.plist */,
				5196053328E5B129004F5AAF /* Preview Content */,
			);
			path = dada;
			sourceTree = "<group>";
		};
		5196053328E5B129004F5AAF /* Preview Content */ = {
			isa = PBXGroup;
			children = (
				5196053428E5B129004F5AAF /* Preview Assets.xcassets */,
			);
			path = "Preview Content";
			sourceTree = "<group>";
		};
		51F633C428E9B11E0089E10F /* Helpers */ = {
			isa = PBXGroup;
			children = (
				51F633C528E9B1380089E10F /* mailChecker.swift */,
			);
			path = Helpers;
			sourceTree = "<group>";
		};
/* End PBXGroup section */

/* Begin PBXNativeTarget section */
		5196052928E5B127004F5AAF /* dada */ = {
			isa = PBXNativeTarget;
			buildConfigurationList = 5196053828E5B129004F5AAF /* Build configuration list for PBXNativeTarget "dada" */;
			buildPhases = (
				5196052628E5B127004F5AAF /* Sources */,
				5196052728E5B127004F5AAF /* Frameworks */,
				5196052828E5B127004F5AAF /* Resources */,
			);
			buildRules = (
			);
			dependencies = (
			);
			name = dada;
			packageProductDependencies = (
				5105E73E28EAE24900165EB8 /* FirebaseAuth */,
				5105E74028EAE24900165EB8 /* FirebaseFirestore */,
			);
			productName = dada;
			productReference = 5196052A28E5B127004F5AAF /* dada.app */;
			productType = "com.apple.product-type.application";
		};
/* End PBXNativeTarget section */

/* Begin PBXProject section */
		5196052228E5B127004F5AAF /* Project object */ = {
			isa = PBXProject;
			attributes = {
				BuildIndependentTargetsInParallel = 1;
				LastSwiftUpdateCheck = 1400;
				LastUpgradeCheck = 1400;
				TargetAttributes = {
					5196052928E5B127004F5AAF = {
						CreatedOnToolsVersion = 14.0.1;
					};
				};
			};
			buildConfigurationList = 5196052528E5B127004F5AAF /* Build configuration list for PBXProject "dada" */;
			compatibilityVersion = "Xcode 14.0";
			developmentRegion = en;
			hasScannedForEncodings = 0;
			knownRegions = (
				en,
				Base,
			);
			mainGroup = 5196052128E5B127004F5AAF;
			packageReferences = (
				5105E73D28EAE24900165EB8 /* XCRemoteSwiftPackageReference "firebase-ios-sdk" */,
			);
			productRefGroup = 5196052B28E5B127004F5AAF /* Products */;
			projectDirPath = "";
			projectRoot = "";
			targets = (
				5196052928E5B127004F5AAF /* dada */,
			);
		};
/* End PBXProject section */

/* Begin PBXResourcesBuildPhase section */
		5196052828E5B127004F5AAF /* Resources */ = {
			isa = PBXResourcesBuildPhase;
			buildActionMask = 2147483647;
			files = (
				5196053528E5B129004F5AAF /* Preview Assets.xcassets in Resources */,
				51F633C828EADFF90089E10F /* GoogleService-Info.plist in Resources */,
				5196053228E5B129004F5AAF /* Assets.xcassets in Resources */,
			);
			runOnlyForDeploymentPostprocessing = 0;
		};
/* End PBXResourcesBuildPhase section */

/* Begin PBXSourcesBuildPhase section */
		5196052628E5B127004F5AAF /* Sources */ = {
			isa = PBXSourcesBuildPhase;
			buildActionMask = 2147483647;
			files = (
				51F633C628E9B1380089E10F /* mailChecker.swift in Sources */,
				5196053C28E5C9BE004F5AAF /* singUp.swift in Sources */,
				5105E74328EB01D700165EB8 /* Home.swift in Sources */,
				5196053028E5B127004F5AAF /* ContentView.swift in Sources */,
				5196052E28E5B127004F5AAF /* dadaApp.swift in Sources */,
			);
			runOnlyForDeploymentPostprocessing = 0;
		};
/* End PBXSourcesBuildPhase section */

/* Begin XCBuildConfiguration section */
		5196053628E5B129004F5AAF /* Debug */ = {
			isa = XCBuildConfiguration;
			buildSettings = {
				ALWAYS_SEARCH_USER_PATHS = NO;
				CLANG_ANALYZER_NONNULL = YES;
				CLANG_ANALYZER_NUMBER_OBJECT_CONVERSION = YES_AGGRESSIVE;
				CLANG_CXX_LANGUAGE_STANDARD = "gnu++20";
				CLANG_ENABLE_MODULES = YES;
				CLANG_ENABLE_OBJC_ARC = YES;
				CLANG_ENABLE_OBJC_WEAK = YES;
				CLANG_WARN_BLOCK_CAPTURE_AUTORELEASING = YES;
				CLANG_WARN_BOOL_CONVERSION = YES;
				CLANG_WARN_COMMA = YES;
				CLANG_WARN_CONSTANT_CONVERSION = YES;
				CLANG_WARN_DEPRECATED_OBJC_IMPLEMENTATIONS = YES;
				CLANG_WARN_DIRECT_OBJC_ISA_USAGE = YES_ERROR;
				CLANG_WARN_DOCUMENTATION_COMMENTS = YES;
				CLANG_WARN_EMPTY_BODY = YES;
				CLANG_WARN_ENUM_CONVERSION = YES;
				CLANG_WARN_INFINITE_RECURSION = YES;
				CLANG_WARN_INT_CONVERSION = YES;
				CLANG_WARN_NON_LITERAL_NULL_CONVERSION = YES;
				CLANG_WARN_OBJC_IMPLICIT_RETAIN_SELF = YES;
				CLANG_WARN_OBJC_LITERAL_CONVERSION = YES;
				CLANG_WARN_OBJC_ROOT_CLASS = YES_ERROR;
				CLANG_WARN_QUOTED_INCLUDE_IN_FRAMEWORK_HEADER = YES;
				CLANG_WARN_RANGE_LOOP_ANALYSIS = YES;
				CLANG_WARN_STRICT_PROTOTYPES = YES;
				CLANG_WARN_SUSPICIOUS_MOVE = YES;
				CLANG_WARN_UNGUARDED_AVAILABILITY = YES_AGGRESSIVE;
				CLANG_WARN_UNREACHABLE_CODE = YES;
				CLANG_WARN__DUPLICATE_METHOD_MATCH = YES;
				COPY_PHASE_STRIP = NO;
				DEBUG_INFORMATION_FORMAT = dwarf;
				ENABLE_STRICT_OBJC_MSGSEND = YES;
				ENABLE_TESTABILITY = YES;
				GCC_C_LANGUAGE_STANDARD = gnu11;
				GCC_DYNAMIC_NO_PIC = NO;
				GCC_NO_COMMON_BLOCKS = YES;
				GCC_OPTIMIZATION_LEVEL = 0;
				GCC_PREPROCESSOR_DEFINITIONS = (
					"DEBUG=1",
					"$(inherited)",
				);
				GCC_WARN_64_TO_32_BIT_CONVERSION = YES;
				GCC_WARN_ABOUT_RETURN_TYPE = YES_ERROR;
				GCC_WARN_UNDECLARED_SELECTOR = YES;
				GCC_WARN_UNINITIALIZED_AUTOS = YES_AGGRESSIVE;
				GCC_WARN_UNUSED_FUNCTION = YES;
				GCC_WARN_UNUSED_VARIABLE = YES;
				IPHONEOS_DEPLOYMENT_TARGET = 16.0;
				MTL_ENABLE_DEBUG_INFO = INCLUDE_SOURCE;
				MTL_FAST_MATH = YES;
				ONLY_ACTIVE_ARCH = YES;
				SDKROOT = iphoneos;
				SWIFT_ACTIVE_COMPILATION_CONDITIONS = DEBUG;
				SWIFT_OPTIMIZATION_LEVEL = "-Onone";
			};
			name = Debug;
		};
		5196053728E5B129004F5AAF /* Release */ = {
			isa = XCBuildConfiguration;
			buildSettings = {
				ALWAYS_SEARCH_USER_PATHS = NO;
				CLANG_ANALYZER_NONNULL = YES;
				CLANG_ANALYZER_NUMBER_OBJECT_CONVERSION = YES_AGGRESSIVE;
				CLANG_CXX_LANGUAGE_STANDARD = "gnu++20";
				CLANG_ENABLE_MODULES = YES;
				CLANG_ENABLE_OBJC_ARC = YES;
				CLANG_ENABLE_OBJC_WEAK = YES;
				CLANG_WARN_BLOCK_CAPTURE_AUTORELEASING = YES;
				CLANG_WARN_BOOL_CONVERSION = YES;
				CLANG_WARN_COMMA = YES;
				CLANG_WARN_CONSTANT_CONVERSION = YES;
				CLANG_WARN_DEPRECATED_OBJC_IMPLEMENTATIONS = YES;
				CLANG_WARN_DIRECT_OBJC_ISA_USAGE = YES_ERROR;
				CLANG_WARN_DOCUMENTATION_COMMENTS = YES;
				CLANG_WARN_EMPTY_BODY = YES;
				CLANG_WARN_ENUM_CONVERSION = YES;
				CLANG_WARN_INFINITE_RECURSION = YES;
				CLANG_WARN_INT_CONVERSION = YES;
				CLANG_WARN_NON_LITERAL_NULL_CONVERSION = YES;
				CLANG_WARN_OBJC_IMPLICIT_RETAIN_SELF = YES;
				CLANG_WARN_OBJC_LITERAL_CONVERSION = YES;
				CLANG_WARN_OBJC_ROOT_CLASS = YES_ERROR;
				CLANG_WARN_QUOTED_INCLUDE_IN_FRAMEWORK_HEADER = YES;
				CLANG_WARN_RANGE_LOOP_ANALYSIS = YES;
				CLANG_WARN_STRICT_PROTOTYPES = YES;
				CLANG_WARN_SUSPICIOUS_MOVE = YES;
				CLANG_WARN_UNGUARDED_AVAILABILITY = YES_AGGRESSIVE;
				CLANG_WARN_UNREACHABLE_CODE = YES;
				CLANG_WARN__DUPLICATE_METHOD_MATCH = YES;
				COPY_PHASE_STRIP = NO;
				DEBUG_INFORMATION_FORMAT = "dwarf-with-dsym";
				ENABLE_NS_ASSERTIONS = NO;
				ENABLE_STRICT_OBJC_MSGSEND = YES;
				GCC_C_LANGUAGE_STANDARD = gnu11;
				GCC_NO_COMMON_BLOCKS = YES;
				GCC_WARN_64_TO_32_BIT_CONVERSION = YES;
				GCC_WARN_ABOUT_RETURN_TYPE = YES_ERROR;
				GCC_WARN_UNDECLARED_SELECTOR = YES;
				GCC_WARN_UNINITIALIZED_AUTOS = YES_AGGRESSIVE;
				GCC_WARN_UNUSED_FUNCTION = YES;
				GCC_WARN_UNUSED_VARIABLE = YES;
				IPHONEOS_DEPLOYMENT_TARGET = 16.0;
				MTL_ENABLE_DEBUG_INFO = NO;
				MTL_FAST_MATH = YES;
				SDKROOT = iphoneos;
				SWIFT_COMPILATION_MODE = wholemodule;
				SWIFT_OPTIMIZATION_LEVEL = "-O";
				VALIDATE_PRODUCT = YES;
			};
			name = Release;
		};
		5196053928E5B129004F5AAF /* Debug */ = {
			isa = XCBuildConfiguration;
			buildSettings = {
				ASSETCATALOG_COMPILER_APPICON_NAME = AppIcon;
				ASSETCATALOG_COMPILER_GLOBAL_ACCENT_COLOR_NAME = AccentColor;
				CODE_SIGN_STYLE = Automatic;
				CURRENT_PROJECT_VERSION = 1;
				DEVELOPMENT_ASSET_PATHS = "\"dada/Preview Content\"";
				DEVELOPMENT_TEAM = C85423XRP6;
				ENABLE_PREVIEWS = YES;
				GENERATE_INFOPLIST_FILE = YES;
				INFOPLIST_KEY_UIApplicationSceneManifest_Generation = YES;
				INFOPLIST_KEY_UIApplicationSupportsIndirectInputEvents = YES;
				INFOPLIST_KEY_UILaunchScreen_Generation = YES;
				INFOPLIST_KEY_UISupportedInterfaceOrientations_iPad = "UIInterfaceOrientationPortrait UIInterfaceOrientationPortraitUpsideDown UIInterfaceOrientationLandscapeLeft UIInterfaceOrientationLandscapeRight";
				INFOPLIST_KEY_UISupportedInterfaceOrientations_iPhone = "UIInterfaceOrientationPortrait UIInterfaceOrientationLandscapeLeft UIInterfaceOrientationLandscapeRight";
				LD_RUNPATH_SEARCH_PATHS = (
					"$(inherited)",
					"@executable_path/Frameworks",
				);
				MARKETING_VERSION = 1.0;
				PRODUCT_BUNDLE_IDENTIFIER = cashchappo.dada;
				PRODUCT_NAME = "$(TARGET_NAME)";
				SWIFT_EMIT_LOC_STRINGS = YES;
				SWIFT_VERSION = 5.0;
				TARGETED_DEVICE_FAMILY = "1,2";
			};
			name = Debug;
		};
		5196053A28E5B129004F5AAF /* Release */ = {
			isa = XCBuildConfiguration;
			buildSettings = {
				ASSETCATALOG_COMPILER_APPICON_NAME = AppIcon;
				ASSETCATALOG_COMPILER_GLOBAL_ACCENT_COLOR_NAME = AccentColor;
				CODE_SIGN_STYLE = Automatic;
				CURRENT_PROJECT_VERSION = 1;
				DEVELOPMENT_ASSET_PATHS = "\"dada/Preview Content\"";
				DEVELOPMENT_TEAM = C85423XRP6;
				ENABLE_PREVIEWS = YES;
				GENERATE_INFOPLIST_FILE = YES;
				INFOPLIST_KEY_UIApplicationSceneManifest_Generation = YES;
				INFOPLIST_KEY_UIApplicationSupportsIndirectInputEvents = YES;
				INFOPLIST_KEY_UILaunchScreen_Generation = YES;
				INFOPLIST_KEY_UISupportedInterfaceOrientations_iPad = "UIInterfaceOrientationPortrait UIInterfaceOrientationPortraitUpsideDown UIInterfaceOrientationLandscapeLeft UIInterfaceOrientationLandscapeRight";
				INFOPLIST_KEY_UISupportedInterfaceOrientations_iPhone = "UIInterfaceOrientationPortrait UIInterfaceOrientationLandscapeLeft UIInterfaceOrientationLandscapeRight";
				LD_RUNPATH_SEARCH_PATHS = (
					"$(inherited)",
					"@executable_path/Frameworks",
				);
				MARKETING_VERSION = 1.0;
				PRODUCT_BUNDLE_IDENTIFIER = cashchappo.dada;
				PRODUCT_NAME = "$(TARGET_NAME)";
				SWIFT_EMIT_LOC_STRINGS = YES;
				SWIFT_VERSION = 5.0;
				TARGETED_DEVICE_FAMILY = "1,2";
			};
			name = Release;
		};
/* End XCBuildConfiguration section */

/* Begin XCConfigurationList section */
		5196052528E5B127004F5AAF /* Build configuration list for PBXProject "dada" */ = {
			isa = XCConfigurationList;
			buildConfigurations = (
				5196053628E5B129004F5AAF /* Debug */,
				5196053728E5B129004F5AAF /* Release */,
			);
			defaultConfigurationIsVisible = 0;
			defaultConfigurationName = Release;
		};
		5196053828E5B129004F5AAF /* Build configuration list for PBXNativeTarget "dada" */ = {
			isa = XCConfigurationList;
			buildConfigurations = (
				5196053928E5B129004F5AAF /* Debug */,
				5196053A28E5B129004F5AAF /* Release */,
			);
			defaultConfigurationIsVisible = 0;
			defaultConfigurationName = Release;
		};
/* End XCConfigurationList section */

/* Begin XCRemoteSwiftPackageReference section */
		5105E73D28EAE24900165EB8 /* XCRemoteSwiftPackageReference "firebase-ios-sdk" */ = {
			isa = XCRemoteSwiftPackageReference;
			repositoryURL = "https://github.com/firebase/firebase-ios-sdk.git";
			requirement = {
				kind = upToNextMajorVersion;
				minimumVersion = 8.0.0;
			};
		};
/* End XCRemoteSwiftPackageReference section */

/* Begin XCSwiftPackageProductDependency section */
		5105E73E28EAE24900165EB8 /* FirebaseAuth */ = {
			isa = XCSwiftPackageProductDependency;
			package = 5105E73D28EAE24900165EB8 /* XCRemoteSwiftPackageReference "firebase-ios-sdk" */;
			productName = FirebaseAuth;
		};
		5105E74028EAE24900165EB8 /* FirebaseFirestore */ = {
			isa = XCSwiftPackageProductDependency;
			package = 5105E73D28EAE24900165EB8 /* XCRemoteSwiftPackageReference "firebase-ios-sdk" */;
			productName = FirebaseFirestore;
		};
/* End XCSwiftPackageProductDependency section */
	};
	rootObject = 5196052228E5B127004F5AAF /* Project object */;
}
